
Microsoft Visual Studio Solution File, Format Version 12.00
# Visual Studio 2012
Project("{FAE04EC0-301F-11D3-BF4B-00C04F79EFBC}") = "LoadGen", "LoadGen\LoadGen.csproj", "{064CD65F-211F-4712-955D-FC048C29B57A}"
EndProject
Project("{FAE04EC0-301F-11D3-BF4B-00C04F79EFBC}") = "Loader", "Loader\Loader.csproj", "{CA7EECE5-3FBC-4ECC-86DC-9226F22CE89C}"
EndProject
Project("{2150E333-8FDC-42A3-9474-1A3956D46DE8}") = "ManagementPacks", "ManagementPacks", "{FC765C27-B4FE-4031-89A7-FA9E652E18AD}"
	ProjectSection(SolutionItems) = preProject
		..\..\DisableImplicitUserRoles.xml = ..\..\DisableImplicitUserRoles.xml
		..\..\Microsoft.SystemCenter.ServiceManager.PerformanceTest.xml = ..\..\Microsoft.SystemCenter.ServiceManager.PerformanceTest.xml
	EndProjectSection
EndProject
Project("{FAE04EC0-301F-11D3-BF4B-00C04F79EFBC}") = "QueueEditor", "..\..\QueueEditor\QueueEditor.csproj", "{2D9B7694-7E65-49BB-9DE2-6FFA5FC33912}"
EndProject
Project("{FAE04EC0-301F-11D3-BF4B-00C04F79EFBC}") = "NotificationRuleEditor", "..\..\NotificationRuleEditor\NotificationRuleEditor.csproj", "{814CEDF9-71FC-42A1-A21E-1471EB6D2775}"
EndProject
Project("{FAE04EC0-301F-11D3-BF4B-00C04F79EFBC}") = "Helper", "..\..\Helper\Helper.csproj", "{74C91B6B-6CFD-4930-8AE7-F47A72E2F4A3}"
EndProject
Project("{FAE04EC0-301F-11D3-BF4B-00C04F79EFBC}") = "Tester", "..\..\Tester\Tester.csproj", "{E3B811FD-6CE5-4CAA-9517-53D5711A5B68}"
EndProject
Global
	GlobalSection(TeamFoundationVersionControl) = preSolution
		SccNumberOfProjects = 7
		SccEnterpriseProvider = {4CA58AB2-18FA-4F8D-95D4-32DDF27D184C}
		SccTeamFoundationServer = https://tfs.codeplex.com/tfs/tfs17
		SccLocalPath0 = .
		SccProjectUniqueName1 = LoadGen\\LoadGen.csproj
		SccProjectName1 = LoadGen
		SccLocalPath1 = LoadGen
		SccProjectUniqueName2 = Loader\\Loader.csproj
		SccProjectName2 = Loader
		SccLocalPath2 = Loader
		SccProjectUniqueName3 = ..\\..\\QueueEditor\\QueueEditor.csproj
		SccProjectName3 = ../../QueueEditor
		SccLocalPath3 = ..\\..\\QueueEditor
		SccProjectUniqueName4 = ..\\..\\NotificationRuleEditor\\NotificationRuleEditor.csproj
		SccProjectName4 = ../../NotificationRuleEditor
		SccLocalPath4 = ..\\..\\NotificationRuleEditor
		SccProjectUniqueName5 = ..\\..\\Helper\\Helper.csproj
		SccProjectName5 = ../../Helper
		SccLocalPath5 = ..\\..\\Helper
		SccProjectUniqueName6 = ..\\..\\Tester\\Tester.csproj
		SccProjectName6 = ../../Tester
		SccLocalPath6 = ..\\..\\Tester
	EndGlobalSection
	GlobalSection(SolutionConfigurationPlatforms) = preSolution
		Debug|Any CPU = Debug|Any CPU
		Debug|Mixed Platforms = Debug|Mixed Platforms
		Debug|x86 = Debug|x86
		Release|Any CPU = Release|Any CPU
		Release|Mixed Platforms = Release|Mixed Platforms
		Release|x86 = Release|x86
	EndGlobalSection
	GlobalSection(ProjectConfigurationPlatforms) = postSolution
		{064CD65F-211F-4712-955D-FC048C29B57A}.Debug|Any CPU.ActiveCfg = Debug|x86
		{064CD65F-211F-4712-955D-FC048C29B57A}.Debug|Mixed Platforms.ActiveCfg = Debug|x86
		{064CD65F-211F-4712-955D-FC048C29B57A}.Debug|Mixed Platforms.Build.0 = Debug|x86
		{064CD65F-211F-4712-955D-FC048C29B57A}.Debug|x86.ActiveCfg = Debug|x86
		{064CD65F-211F-4712-955D-FC048C29B57A}.Debug|x86.Build.0 = Debug|x86
		{064CD65F-211F-4712-955D-FC048C29B57A}.Release|Any CPU.ActiveCfg = Release|x86
		{064CD65F-211F-4712-955D-FC048C29B57A}.Release|Mixed Platforms.ActiveCfg = Release|x86
		{064CD65F-211F-4712-955D-FC048C29B57A}.Release|Mixed Platforms.Build.0 = Release|x86
		{064CD65F-211F-4712-955D-FC048C29B57A}.Release|x86.ActiveCfg = Release|x86
		{064CD65F-211F-4712-955D-FC048C29B57A}.Release|x86.Build.0 = Release|x86
		{CA7EECE5-3FBC-4ECC-86DC-9226F22CE89C}.Debug|Any CPU.ActiveCfg = Debug|x86
		{CA7EECE5-3FBC-4ECC-86DC-9226F22CE89C}.Debug|Mixed Platforms.ActiveCfg = Debug|x86
		{CA7EECE5-3FBC-4ECC-86DC-9226F22CE89C}.Debug|Mixed Platforms.Build.0 = Debug|x86
		{CA7EECE5-3FBC-4ECC-86DC-9226F22CE89C}.Debug|x86.ActiveCfg = Debug|x86
		{CA7EECE5-3FBC-4ECC-86DC-9226F22CE89C}.Debug|x86.Build.0 = Debug|x86
		{CA7EECE5-3FBC-4ECC-86DC-9226F22CE89C}.Release|Any CPU.ActiveCfg = Release|x86
		{CA7EECE5-3FBC-4ECC-86DC-9226F22CE89C}.Release|Mixed Platforms.ActiveCfg = Release|x86
		{CA7EECE5-3FBC-4ECC-86DC-9226F22CE89C}.Release|Mixed Platforms.Build.0 = Release|x86
		{CA7EECE5-3FBC-4ECC-86DC-9226F22CE89C}.Release|x86.ActiveCfg = Release|x86
		{CA7EECE5-3FBC-4ECC-86DC-9226F22CE89C}.Release|x86.Build.0 = Release|x86
		{2D9B7694-7E65-49BB-9DE2-6FFA5FC33912}.Debug|Any CPU.ActiveCfg = Debug|x86
		{2D9B7694-7E65-49BB-9DE2-6FFA5FC33912}.Debug|Mixed Platforms.ActiveCfg = Debug|x86
		{2D9B7694-7E65-49BB-9DE2-6FFA5FC33912}.Debug|Mixed Platforms.Build.0 = Debug|x86
		{2D9B7694-7E65-49BB-9DE2-6FFA5FC33912}.Debug|x86.ActiveCfg = Debug|x86
		{2D9B7694-7E65-49BB-9DE2-6FFA5FC33912}.Debug|x86.Build.0 = Debug|x86
		{2D9B7694-7E65-49BB-9DE2-6FFA5FC33912}.Release|Any CPU.ActiveCfg = Release|x86
		{2D9B7694-7E65-49BB-9DE2-6FFA5FC33912}.Release|Mixed Platforms.ActiveCfg = Release|x86
		{2D9B7694-7E65-49BB-9DE2-6FFA5FC33912}.Release|Mixed Platforms.Build.0 = Release|x86
		{2D9B7694-7E65-49BB-9DE2-6FFA5FC33912}.Release|x86.ActiveCfg = Release|x86
		{2D9B7694-7E65-49BB-9DE2-6FFA5FC33912}.Release|x86.Build.0 = Release|x86
		{814CEDF9-71FC-42A1-A21E-1471EB6D2775}.Debug|Any CPU.ActiveCfg = Debug|x86
		{814CEDF9-71FC-42A1-A21E-1471EB6D2775}.Debug|Mixed Platforms.ActiveCfg = Debug|x86
		{814CEDF9-71FC-42A1-A21E-1471EB6D2775}.Debug|Mixed Platforms.Build.0 = Debug|x86
		{814CEDF9-71FC-42A1-A21E-1471EB6D2775}.Debug|x86.ActiveCfg = Debug|x86
		{814CEDF9-71FC-42A1-A21E-1471EB6D2775}.Debug|x86.Build.0 = Debug|x86
		{814CEDF9-71FC-42A1-A21E-1471EB6D2775}.Release|Any CPU.ActiveCfg = Release|x86
		{814CEDF9-71FC-42A1-A21E-1471EB6D2775}.Release|Mixed Platforms.ActiveCfg = Release|x86
		{814CEDF9-71FC-42A1-A21E-1471EB6D2775}.Release|Mixed Platforms.Build.0 = Release|x86
		{814CEDF9-71FC-42A1-A21E-1471EB6D2775}.Release|x86.ActiveCfg = Release|x86
		{814CEDF9-71FC-42A1-A21E-1471EB6D2775}.Release|x86.Build.0 = Release|x86
		{74C91B6B-6CFD-4930-8AE7-F47A72E2F4A3}.Debug|Any CPU.ActiveCfg = Debug|Any CPU
		{74C91B6B-6CFD-4930-8AE7-F47A72E2F4A3}.Debug|Any CPU.Build.0 = Debug|Any CPU
		{74C91B6B-6CFD-4930-8AE7-F47A72E2F4A3}.Debug|Mixed Platforms.ActiveCfg = Debug|Any CPU
		{74C91B6B-6CFD-4930-8AE7-F47A72E2F4A3}.Debug|Mixed Platforms.Build.0 = Debug|Any CPU
		{74C91B6B-6CFD-4930-8AE7-F47A72E2F4A3}.Debug|x86.ActiveCfg = Debug|Any CPU
		{74C91B6B-6CFD-4930-8AE7-F47A72E2F4A3}.Release|Any CPU.ActiveCfg = Release|Any CPU
		{74C91B6B-6CFD-4930-8AE7-F47A72E2F4A3}.Release|Any CPU.Build.0 = Release|Any CPU
		{74C91B6B-6CFD-4930-8AE7-F47A72E2F4A3}.Release|Mixed Platforms.ActiveCfg = Release|Any CPU
		{74C91B6B-6CFD-4930-8AE7-F47A72E2F4A3}.Release|Mixed Platforms.Build.0 = Release|Any CPU
		{74C91B6B-6CFD-4930-8AE7-F47A72E2F4A3}.Release|x86.ActiveCfg = Release|Any CPU
		{E3B811FD-6CE5-4CAA-9517-53D5711A5B68}.Debug|Any CPU.ActiveCfg = Debug|x86
		{E3B811FD-6CE5-4CAA-9517-53D5711A5B68}.Debug|Mixed Platforms.ActiveCfg = Debug|x86
		{E3B811FD-6CE5-4CAA-9517-53D5711A5B68}.Debug|Mixed Platforms.Build.0 = Debug|x86
		{E3B811FD-6CE5-4CAA-9517-53D5711A5B68}.Debug|x86.ActiveCfg = Debug|x86
		{E3B811FD-6CE5-4CAA-9517-53D5711A5B68}.Debug|x86.Build.0 = Debug|x86
		{E3B811FD-6CE5-4CAA-9517-53D5711A5B68}.Release|Any CPU.ActiveCfg = Release|x86
		{E3B811FD-6CE5-4CAA-9517-53D5711A5B68}.Release|Mixed Platforms.ActiveCfg = Release|x86
		{E3B811FD-6CE5-4CAA-9517-53D5711A5B68}.Release|Mixed Platforms.Build.0 = Release|x86
		{E3B811FD-6CE5-4CAA-9517-53D5711A5B68}.Release|x86.ActiveCfg = Release|x86
		{E3B811FD-6CE5-4CAA-9517-53D5711A5B68}.Release|x86.Build.0 = Release|x86
	EndGlobalSection
	GlobalSection(SolutionProperties) = preSolution
		HideSolutionNode = FALSE
	EndGlobalSection
EndGlobal
